// !$*UTF8*$!
{
	archiveVersion = 1;
	classes = {
	};
	objectVersion = 56;
	objects = {

/* Begin PBXBuildFile section */
		99E720FB29EAD7C90005B48C /* HelpOnTheGoApp.swift in Sources */ = {isa = PBXBuildFile; fileRef = 99E720FA29EAD7C90005B48C /* HelpOnTheGoApp.swift */; };
		99E720FD29EAD7C90005B48C /* ContentView.swift in Sources */ = {isa = PBXBuildFile; fileRef = 99E720FC29EAD7C90005B48C /* ContentView.swift */; };
		99E720FF29EAD7CB0005B48C /* Assets.xcassets in Resources */ = {isa = PBXBuildFile; fileRef = 99E720FE29EAD7CB0005B48C /* Assets.xcassets */; };
		99E7210229EAD7CB0005B48C /* Preview Assets.xcassets in Resources */ = {isa = PBXBuildFile; fileRef = 99E7210129EAD7CB0005B48C /* Preview Assets.xcassets */; };
		99E7210B29EAD8CA0005B48C /* WelcomeView.swift in Sources */ = {isa = PBXBuildFile; fileRef = 99E7210A29EAD8CA0005B48C /* WelcomeView.swift */; };
		99E7210D29EAD8E20005B48C /* RegisterView.swift in Sources */ = {isa = PBXBuildFile; fileRef = 99E7210C29EAD8E20005B48C /* RegisterView.swift */; };
		99E7210F29EAD8EC0005B48C /* LoginView.swift in Sources */ = {isa = PBXBuildFile; fileRef = 99E7210E29EAD8EC0005B48C /* LoginView.swift */; };
		99E7211229EAD90C0005B48C /* MainView.swift in Sources */ = {isa = PBXBuildFile; fileRef = 99E7211129EAD90C0005B48C /* MainView.swift */; };
		99E7211529EADA2B0005B48C /* PostView.swift in Sources */ = {isa = PBXBuildFile; fileRef = 99E7211429EADA2B0005B48C /* PostView.swift */; };
		99E7211929EADBC00005B48C /* MapView.swift in Sources */ = {isa = PBXBuildFile; fileRef = 99E7211829EADBC00005B48C /* MapView.swift */; };
		99E7211B29EADBD50005B48C /* MessageListView.swift in Sources */ = {isa = PBXBuildFile; fileRef = 99E7211A29EADBD50005B48C /* MessageListView.swift */; };
		99E7211E29EADBF80005B48C /* ProfileView.swift in Sources */ = {isa = PBXBuildFile; fileRef = 99E7211D29EADBF80005B48C /* ProfileView.swift */; };
		99E7212029EAE15B0005B48C /* GoogleService-Info.plist in Resources */ = {isa = PBXBuildFile; fileRef = 99E7211F29EAE15A0005B48C /* GoogleService-Info.plist */; };
		99E7213029EAE4DC0005B48C /* Color+Extensions.swift in Sources */ = {isa = PBXBuildFile; fileRef = 99E7212F29EAE4DC0005B48C /* Color+Extensions.swift */; };
		99E7213229EAE6E80005B48C /* AccountButtons.swift in Sources */ = {isa = PBXBuildFile; fileRef = 99E7213129EAE6E80005B48C /* AccountButtons.swift */; };
		99E7213529EAF9AE0005B48C /* LoginTextField.swift in Sources */ = {isa = PBXBuildFile; fileRef = 99E7213429EAF9AE0005B48C /* LoginTextField.swift */; };
		99E7213829EAFF0D0005B48C /* LocationManager.swift in Sources */ = {isa = PBXBuildFile; fileRef = 99E7213729EAFF0D0005B48C /* LocationManager.swift */; };
		99E7213D29EB12DF0005B48C /* MKCoordinateRegion+Extensions.swift in Sources */ = {isa = PBXBuildFile; fileRef = 99E7213C29EB12DF0005B48C /* MKCoordinateRegion+Extensions.swift */; };
		99E7214029EB15550005B48C /* UserViewModel.swift in Sources */ = {isa = PBXBuildFile; fileRef = 99E7213F29EB15550005B48C /* UserViewModel.swift */; };
		99E7214229EB15DA0005B48C /* LocationPreviewView.swift in Sources */ = {isa = PBXBuildFile; fileRef = 99E7214129EB15DA0005B48C /* LocationPreviewView.swift */; };
		99E7214529EB15FD0005B48C /* User.swift in Sources */ = {isa = PBXBuildFile; fileRef = 99E7214429EB15FD0005B48C /* User.swift */; };
		99E7214729EB19840005B48C /* LocationMapAnnotationView.swift in Sources */ = {isa = PBXBuildFile; fileRef = 99E7214629EB19840005B48C /* LocationMapAnnotationView.swift */; };
		99E7214929EB1A950005B48C /* LocationViewModel.swift in Sources */ = {isa = PBXBuildFile; fileRef = 99E7214829EB1A950005B48C /* LocationViewModel.swift */; };
		99E7214B29EB1B420005B48C /* UserLocationModel.swift in Sources */ = {isa = PBXBuildFile; fileRef = 99E7214A29EB1B420005B48C /* UserLocationModel.swift */; };
		99E7214D29EB3BD20005B48C /* MessageCell.swift in Sources */ = {isa = PBXBuildFile; fileRef = 99E7214C29EB3BD20005B48C /* MessageCell.swift */; };
		99E7214F29EB3E3B0005B48C /* Message.swift in Sources */ = {isa = PBXBuildFile; fileRef = 99E7214E29EB3E3B0005B48C /* Message.swift */; };
		99E7215129EB3F120005B48C /* MessageViewModel.swift in Sources */ = {isa = PBXBuildFile; fileRef = 99E7215029EB3F120005B48C /* MessageViewModel.swift */; };
		99E7215329EB45240005B48C /* MessagePersonView.swift in Sources */ = {isa = PBXBuildFile; fileRef = 99E7215229EB45240005B48C /* MessagePersonView.swift */; };
		99E7215629EB4D500005B48C /* FirebaseAuth in Frameworks */ = {isa = PBXBuildFile; productRef = 99E7215529EB4D500005B48C /* FirebaseAuth */; };
		99E7215829EB4D500005B48C /* FirebaseFirestore in Frameworks */ = {isa = PBXBuildFile; productRef = 99E7215729EB4D500005B48C /* FirebaseFirestore */; };
		99E7215A29EB4D500005B48C /* FirebaseInAppMessaging-Beta in Frameworks */ = {isa = PBXBuildFile; productRef = 99E7215929EB4D500005B48C /* FirebaseInAppMessaging-Beta */; };
		99E7215C29EB4D500005B48C /* FirebaseInAppMessagingSwift-Beta in Frameworks */ = {isa = PBXBuildFile; productRef = 99E7215B29EB4D500005B48C /* FirebaseInAppMessagingSwift-Beta */; };
		99E7215E29EB4D500005B48C /* FirebaseMessaging in Frameworks */ = {isa = PBXBuildFile; productRef = 99E7215D29EB4D500005B48C /* FirebaseMessaging */; };
		99E7216029EB4D500005B48C /* FirebaseStorage in Frameworks */ = {isa = PBXBuildFile; productRef = 99E7215F29EB4D500005B48C /* FirebaseStorage */; };
		99E7216329EB58800005B48C /* FirebaseManager.swift in Sources */ = {isa = PBXBuildFile; fileRef = 99E7216229EB58800005B48C /* FirebaseManager.swift */; };
		99E7216529EB68B90005B48C /* ChatUser.swift in Sources */ = {isa = PBXBuildFile; fileRef = 99E7216429EB68B90005B48C /* ChatUser.swift */; };
/* End PBXBuildFile section */

/* Begin PBXFileReference section */
		99E720F729EAD7C90005B48C /* HelpOnTheGo.app */ = {isa = PBXFileReference; explicitFileType = wrapper.application; includeInIndex = 0; path = HelpOnTheGo.app; sourceTree = BUILT_PRODUCTS_DIR; };
		99E720FA29EAD7C90005B48C /* HelpOnTheGoApp.swift */ = {isa = PBXFileReference; lastKnownFileType = sourcecode.swift; path = HelpOnTheGoApp.swift; sourceTree = "<group>"; };
		99E720FC29EAD7C90005B48C /* ContentView.swift */ = {isa = PBXFileReference; lastKnownFileType = sourcecode.swift; path = ContentView.swift; sourceTree = "<group>"; };
		99E720FE29EAD7CB0005B48C /* Assets.xcassets */ = {isa = PBXFileReference; lastKnownFileType = folder.assetcatalog; path = Assets.xcassets; sourceTree = "<group>"; };
		99E7210129EAD7CB0005B48C /* Preview Assets.xcassets */ = {isa = PBXFileReference; lastKnownFileType = folder.assetcatalog; path = "Preview Assets.xcassets"; sourceTree = "<group>"; };
		99E7210A29EAD8CA0005B48C /* WelcomeView.swift */ = {isa = PBXFileReference; lastKnownFileType = sourcecode.swift; path = WelcomeView.swift; sourceTree = "<group>"; };
		99E7210C29EAD8E20005B48C /* RegisterView.swift */ = {isa = PBXFileReference; lastKnownFileType = sourcecode.swift; path = RegisterView.swift; sourceTree = "<group>"; };
		99E7210E29EAD8EC0005B48C /* LoginView.swift */ = {isa = PBXFileReference; lastKnownFileType = sourcecode.swift; path = LoginView.swift; sourceTree = "<group>"; };
		99E7211129EAD90C0005B48C /* MainView.swift */ = {isa = PBXFileReference; lastKnownFileType = sourcecode.swift; path = MainView.swift; sourceTree = "<group>"; };
		99E7211429EADA2B0005B48C /* PostView.swift */ = {isa = PBXFileReference; lastKnownFileType = sourcecode.swift; path = PostView.swift; sourceTree = "<group>"; };
		99E7211829EADBC00005B48C /* MapView.swift */ = {isa = PBXFileReference; lastKnownFileType = sourcecode.swift; path = MapView.swift; sourceTree = "<group>"; };
		99E7211A29EADBD50005B48C /* MessageListView.swift */ = {isa = PBXFileReference; lastKnownFileType = sourcecode.swift; path = MessageListView.swift; sourceTree = "<group>"; };
		99E7211D29EADBF80005B48C /* ProfileView.swift */ = {isa = PBXFileReference; lastKnownFileType = sourcecode.swift; path = ProfileView.swift; sourceTree = "<group>"; };
		99E7211F29EAE15A0005B48C /* GoogleService-Info.plist */ = {isa = PBXFileReference; fileEncoding = 4; lastKnownFileType = text.plist.xml; path = "GoogleService-Info.plist"; sourceTree = "<group>"; };
		99E7212F29EAE4DC0005B48C /* Color+Extensions.swift */ = {isa = PBXFileReference; lastKnownFileType = sourcecode.swift; path = "Color+Extensions.swift"; sourceTree = "<group>"; };
		99E7213129EAE6E80005B48C /* AccountButtons.swift */ = {isa = PBXFileReference; lastKnownFileType = sourcecode.swift; path = AccountButtons.swift; sourceTree = "<group>"; };
		99E7213429EAF9AE0005B48C /* LoginTextField.swift */ = {isa = PBXFileReference; lastKnownFileType = sourcecode.swift; path = LoginTextField.swift; sourceTree = "<group>"; };
		99E7213729EAFF0D0005B48C /* LocationManager.swift */ = {isa = PBXFileReference; lastKnownFileType = sourcecode.swift; path = LocationManager.swift; sourceTree = "<group>"; };
		99E7213B29EB0B690005B48C /* Info.plist */ = {isa = PBXFileReference; lastKnownFileType = text.plist; path = Info.plist; sourceTree = "<group>"; };
		99E7213C29EB12DF0005B48C /* MKCoordinateRegion+Extensions.swift */ = {isa = PBXFileReference; lastKnownFileType = sourcecode.swift; path = "MKCoordinateRegion+Extensions.swift"; sourceTree = "<group>"; };
		99E7213F29EB15550005B48C /* UserViewModel.swift */ = {isa = PBXFileReference; lastKnownFileType = sourcecode.swift; path = UserViewModel.swift; sourceTree = "<group>"; };
		99E7214129EB15DA0005B48C /* LocationPreviewView.swift */ = {isa = PBXFileReference; lastKnownFileType = sourcecode.swift; path = LocationPreviewView.swift; sourceTree = "<group>"; };
		99E7214429EB15FD0005B48C /* User.swift */ = {isa = PBXFileReference; lastKnownFileType = sourcecode.swift; path = User.swift; sourceTree = "<group>"; };
		99E7214629EB19840005B48C /* LocationMapAnnotationView.swift */ = {isa = PBXFileReference; lastKnownFileType = sourcecode.swift; path = LocationMapAnnotationView.swift; sourceTree = "<group>"; };
		99E7214829EB1A950005B48C /* LocationViewModel.swift */ = {isa = PBXFileReference; lastKnownFileType = sourcecode.swift; path = LocationViewModel.swift; sourceTree = "<group>"; };
		99E7214A29EB1B420005B48C /* UserLocationModel.swift */ = {isa = PBXFileReference; lastKnownFileType = sourcecode.swift; path = UserLocationModel.swift; sourceTree = "<group>"; };
		99E7214C29EB3BD20005B48C /* MessageCell.swift */ = {isa = PBXFileReference; lastKnownFileType = sourcecode.swift; path = MessageCell.swift; sourceTree = "<group>"; };
		99E7214E29EB3E3B0005B48C /* Message.swift */ = {isa = PBXFileReference; lastKnownFileType = sourcecode.swift; path = Message.swift; sourceTree = "<group>"; };
		99E7215029EB3F120005B48C /* MessageViewModel.swift */ = {isa = PBXFileReference; lastKnownFileType = sourcecode.swift; path = MessageViewModel.swift; sourceTree = "<group>"; };
		99E7215229EB45240005B48C /* MessagePersonView.swift */ = {isa = PBXFileReference; lastKnownFileType = sourcecode.swift; path = MessagePersonView.swift; sourceTree = "<group>"; };
		99E7216229EB58800005B48C /* FirebaseManager.swift */ = {isa = PBXFileReference; lastKnownFileType = sourcecode.swift; path = FirebaseManager.swift; sourceTree = "<group>"; };
		99E7216429EB68B90005B48C /* ChatUser.swift */ = {isa = PBXFileReference; lastKnownFileType = sourcecode.swift; path = ChatUser.swift; sourceTree = "<group>"; };
/* End PBXFileReference section */

/* Begin PBXFrameworksBuildPhase section */
		99E720F429EAD7C90005B48C /* Frameworks */ = {
			isa = PBXFrameworksBuildPhase;
			buildActionMask = 2147483647;
			files = (
				99E7215629EB4D500005B48C /* FirebaseAuth in Frameworks */,
				99E7215829EB4D500005B48C /* FirebaseFirestore in Frameworks */,
				99E7215E29EB4D500005B48C /* FirebaseMessaging in Frameworks */,
				99E7215C29EB4D500005B48C /* FirebaseInAppMessagingSwift-Beta in Frameworks */,
				99E7215A29EB4D500005B48C /* FirebaseInAppMessaging-Beta in Frameworks */,
				99E7216029EB4D500005B48C /* FirebaseStorage in Frameworks */,
			);
			runOnlyForDeploymentPostprocessing = 0;
		};
/* End PBXFrameworksBuildPhase section */

/* Begin PBXGroup section */
		99E720EE29EAD7C90005B48C = {
			isa = PBXGroup;
			children = (
				99E7211F29EAE15A0005B48C /* GoogleService-Info.plist */,
				99E720F929EAD7C90005B48C /* HelpOnTheGo */,
				99E720F829EAD7C90005B48C /* Products */,
			);
			sourceTree = "<group>";
		};
		99E720F829EAD7C90005B48C /* Products */ = {
			isa = PBXGroup;
			children = (
				99E720F729EAD7C90005B48C /* HelpOnTheGo.app */,
			);
			name = Products;
			sourceTree = "<group>";
		};
		99E720F929EAD7C90005B48C /* HelpOnTheGo */ = {
			isa = PBXGroup;
			children = (
				99E7213B29EB0B690005B48C /* Info.plist */,
				99E7216129EB58740005B48C /* Managers */,
				99E7214329EB15F20005B48C /* Models */,
				99E7213E29EB15250005B48C /* ViewModel */,
				99E7213629EAFF000005B48C /* Location */,
				99E7212E29EAE4CB0005B48C /* Extensions */,
				99E7210829EAD89C0005B48C /* Views */,
				99E720FE29EAD7CB0005B48C /* Assets.xcassets */,
				99E7210029EAD7CB0005B48C /* Preview Content */,
			);
			path = HelpOnTheGo;
			sourceTree = "<group>";
		};
		99E7210029EAD7CB0005B48C /* Preview Content */ = {
			isa = PBXGroup;
			children = (
				99E7210129EAD7CB0005B48C /* Preview Assets.xcassets */,
			);
			path = "Preview Content";
			sourceTree = "<group>";
		};
		99E7210829EAD89C0005B48C /* Views */ = {
			isa = PBXGroup;
			children = (
				99E7213329EAEA610005B48C /* Items */,
				99E7211C29EADBEC0005B48C /* Profile */,
				99E7211729EADBAE0005B48C /* Map */,
				99E7211629EADBA10005B48C /* Messaging */,
				99E7211329EADA1E0005B48C /* Post */,
				99E7211029EAD8FE0005B48C /* Main */,
				99E7210929EAD8AC0005B48C /* Authentication */,
			);
			path = Views;
			sourceTree = "<group>";
		};
		99E7210929EAD8AC0005B48C /* Authentication */ = {
			isa = PBXGroup;
			children = (
				99E7210A29EAD8CA0005B48C /* WelcomeView.swift */,
				99E7210C29EAD8E20005B48C /* RegisterView.swift */,
				99E7210E29EAD8EC0005B48C /* LoginView.swift */,
			);
			path = Authentication;
			sourceTree = "<group>";
		};
		99E7211029EAD8FE0005B48C /* Main */ = {
			isa = PBXGroup;
			children = (
				99E720FA29EAD7C90005B48C /* HelpOnTheGoApp.swift */,
				99E720FC29EAD7C90005B48C /* ContentView.swift */,
				99E7211129EAD90C0005B48C /* MainView.swift */,
			);
			path = Main;
			sourceTree = "<group>";
		};
		99E7211329EADA1E0005B48C /* Post */ = {
			isa = PBXGroup;
			children = (
				99E7211429EADA2B0005B48C /* PostView.swift */,
			);
			path = Post;
			sourceTree = "<group>";
		};
		99E7211629EADBA10005B48C /* Messaging */ = {
			isa = PBXGroup;
			children = (
				99E7211A29EADBD50005B48C /* MessageListView.swift */,
				99E7214C29EB3BD20005B48C /* MessageCell.swift */,
				99E7215229EB45240005B48C /* MessagePersonView.swift */,
			);
			path = Messaging;
			sourceTree = "<group>";
		};
		99E7211729EADBAE0005B48C /* Map */ = {
			isa = PBXGroup;
			children = (
				99E7211829EADBC00005B48C /* MapView.swift */,
				99E7214129EB15DA0005B48C /* LocationPreviewView.swift */,
				99E7214629EB19840005B48C /* LocationMapAnnotationView.swift */,
			);
			path = Map;
			sourceTree = "<group>";
		};
		99E7211C29EADBEC0005B48C /* Profile */ = {
			isa = PBXGroup;
			children = (
				99E7211D29EADBF80005B48C /* ProfileView.swift */,
			);
			path = Profile;
			sourceTree = "<group>";
		};
		99E7212E29EAE4CB0005B48C /* Extensions */ = {
			isa = PBXGroup;
			children = (
				99E7212F29EAE4DC0005B48C /* Color+Extensions.swift */,
				99E7213C29EB12DF0005B48C /* MKCoordinateRegion+Extensions.swift */,
			);
			path = Extensions;
			sourceTree = "<group>";
		};
		99E7213329EAEA610005B48C /* Items */ = {
			isa = PBXGroup;
			children = (
				99E7213129EAE6E80005B48C /* AccountButtons.swift */,
				99E7213429EAF9AE0005B48C /* LoginTextField.swift */,
			);
			path = Items;
			sourceTree = "<group>";
		};
		99E7213629EAFF000005B48C /* Location */ = {
			isa = PBXGroup;
			children = (
				99E7213729EAFF0D0005B48C /* LocationManager.swift */,
			);
			path = Location;
			sourceTree = "<group>";
		};
		99E7213E29EB15250005B48C /* ViewModel */ = {
			isa = PBXGroup;
			children = (
				99E7213F29EB15550005B48C /* UserViewModel.swift */,
				99E7214829EB1A950005B48C /* LocationViewModel.swift */,
				99E7215029EB3F120005B48C /* MessageViewModel.swift */,
			);
			path = ViewModel;
			sourceTree = "<group>";
		};
		99E7214329EB15F20005B48C /* Models */ = {
			isa = PBXGroup;
			children = (
				99E7214429EB15FD0005B48C /* User.swift */,
				99E7214A29EB1B420005B48C /* UserLocationModel.swift */,
				99E7214E29EB3E3B0005B48C /* Message.swift */,
				99E7216429EB68B90005B48C /* ChatUser.swift */,
			);
			path = Models;
			sourceTree = "<group>";
		};
		99E7216129EB58740005B48C /* Managers */ = {
			isa = PBXGroup;
			children = (
				99E7216229EB58800005B48C /* FirebaseManager.swift */,
			);
			path = Managers;
			sourceTree = "<group>";
		};
/* End PBXGroup section */

/* Begin PBXNativeTarget section */
		99E720F629EAD7C90005B48C /* HelpOnTheGo */ = {
			isa = PBXNativeTarget;
			buildConfigurationList = 99E7210529EAD7CB0005B48C /* Build configuration list for PBXNativeTarget "HelpOnTheGo" */;
			buildPhases = (
				99E720F329EAD7C90005B48C /* Sources */,
				99E720F429EAD7C90005B48C /* Frameworks */,
				99E720F529EAD7C90005B48C /* Resources */,
			);
			buildRules = (
			);
			dependencies = (
			);
			name = HelpOnTheGo;
			packageProductDependencies = (
				99E7215529EB4D500005B48C /* FirebaseAuth */,
				99E7215729EB4D500005B48C /* FirebaseFirestore */,
				99E7215929EB4D500005B48C /* FirebaseInAppMessaging-Beta */,
				99E7215B29EB4D500005B48C /* FirebaseInAppMessagingSwift-Beta */,
				99E7215D29EB4D500005B48C /* FirebaseMessaging */,
				99E7215F29EB4D500005B48C /* FirebaseStorage */,
			);
			productName = HelpOnTheGo;
			productReference = 99E720F729EAD7C90005B48C /* HelpOnTheGo.app */;
			productType = "com.apple.product-type.application";
		};
/* End PBXNativeTarget section */

/* Begin PBXProject section */
		99E720EF29EAD7C90005B48C /* Project object */ = {
			isa = PBXProject;
			attributes = {
				BuildIndependentTargetsInParallel = 1;
				LastSwiftUpdateCheck = 1430;
				LastUpgradeCheck = 1430;
				TargetAttributes = {
					99E720F629EAD7C90005B48C = {
						CreatedOnToolsVersion = 14.3;
					};
				};
			};
			buildConfigurationList = 99E720F229EAD7C90005B48C /* Build configuration list for PBXProject "HelpOnTheGo" */;
			compatibilityVersion = "Xcode 14.0";
			developmentRegion = en;
			hasScannedForEncodings = 0;
			knownRegions = (
				en,
				Base,
			);
			mainGroup = 99E720EE29EAD7C90005B48C;
			packageReferences = (
				99E7215429EB4D500005B48C /* XCRemoteSwiftPackageReference "firebase-ios-sdk" */,
			);
			productRefGroup = 99E720F829EAD7C90005B48C /* Products */;
			projectDirPath = "";
			projectRoot = "";
			targets = (
				99E720F629EAD7C90005B48C /* HelpOnTheGo */,
			);
		};
/* End PBXProject section */

/* Begin PBXResourcesBuildPhase section */
		99E720F529EAD7C90005B48C /* Resources */ = {
			isa = PBXResourcesBuildPhase;
			buildActionMask = 2147483647;
			files = (
				99E7210229EAD7CB0005B48C /* Preview Assets.xcassets in Resources */,
				99E720FF29EAD7CB0005B48C /* Assets.xcassets in Resources */,
				99E7212029EAE15B0005B48C /* GoogleService-Info.plist in Resources */,
			);
			runOnlyForDeploymentPostprocessing = 0;
		};
/* End PBXResourcesBuildPhase section */

/* Begin PBXSourcesBuildPhase section */
		99E720F329EAD7C90005B48C /* Sources */ = {
			isa = PBXSourcesBuildPhase;
			buildActionMask = 2147483647;
			files = (
				99E7216329EB58800005B48C /* FirebaseManager.swift in Sources */,
				99E7211529EADA2B0005B48C /* PostView.swift in Sources */,
				99E7211929EADBC00005B48C /* MapView.swift in Sources */,
				99E7211E29EADBF80005B48C /* ProfileView.swift in Sources */,
				99E7214929EB1A950005B48C /* LocationViewModel.swift in Sources */,
				99E7213529EAF9AE0005B48C /* LoginTextField.swift in Sources */,
				99E720FD29EAD7C90005B48C /* ContentView.swift in Sources */,
				99E7215329EB45240005B48C /* MessagePersonView.swift in Sources */,
				99E7213D29EB12DF0005B48C /* MKCoordinateRegion+Extensions.swift in Sources */,
				99E7211B29EADBD50005B48C /* MessageListView.swift in Sources */,
				99E7214229EB15DA0005B48C /* LocationPreviewView.swift in Sources */,
				99E7211229EAD90C0005B48C /* MainView.swift in Sources */,
				99E7216529EB68B90005B48C /* ChatUser.swift in Sources */,
				99E7215129EB3F120005B48C /* MessageViewModel.swift in Sources */,
				99E7210D29EAD8E20005B48C /* RegisterView.swift in Sources */,
				99E7214D29EB3BD20005B48C /* MessageCell.swift in Sources */,
				99E7214029EB15550005B48C /* UserViewModel.swift in Sources */,
				99E7210B29EAD8CA0005B48C /* WelcomeView.swift in Sources */,
				99E7210F29EAD8EC0005B48C /* LoginView.swift in Sources */,
				99E7213829EAFF0D0005B48C /* LocationManager.swift in Sources */,
				99E7214529EB15FD0005B48C /* User.swift in Sources */,
				99E7214F29EB3E3B0005B48C /* Message.swift in Sources */,
				99E7213229EAE6E80005B48C /* AccountButtons.swift in Sources */,
				99E7213029EAE4DC0005B48C /* Color+Extensions.swift in Sources */,
				99E7214729EB19840005B48C /* LocationMapAnnotationView.swift in Sources */,
				99E7214B29EB1B420005B48C /* UserLocationModel.swift in Sources */,
				99E720FB29EAD7C90005B48C /* HelpOnTheGoApp.swift in Sources */,
			);
			runOnlyForDeploymentPostprocessing = 0;
		};
/* End PBXSourcesBuildPhase section */

/* Begin XCBuildConfiguration section */
		99E7210329EAD7CB0005B48C /* Debug */ = {
			isa = XCBuildConfiguration;
			buildSettings = {
				ALWAYS_SEARCH_USER_PATHS = NO;
				CLANG_ANALYZER_NONNULL = YES;
				CLANG_ANALYZER_NUMBER_OBJECT_CONVERSION = YES_AGGRESSIVE;
				CLANG_CXX_LANGUAGE_STANDARD = "gnu++20";
				CLANG_ENABLE_MODULES = YES;
				CLANG_ENABLE_OBJC_ARC = YES;
				CLANG_ENABLE_OBJC_WEAK = YES;
				CLANG_WARN_BLOCK_CAPTURE_AUTORELEASING = YES;
				CLANG_WARN_BOOL_CONVERSION = YES;
				CLANG_WARN_COMMA = YES;
				CLANG_WARN_CONSTANT_CONVERSION = YES;
				CLANG_WARN_DEPRECATED_OBJC_IMPLEMENTATIONS = YES;
				CLANG_WARN_DIRECT_OBJC_ISA_USAGE = YES_ERROR;
				CLANG_WARN_DOCUMENTATION_COMMENTS = YES;
				CLANG_WARN_EMPTY_BODY = YES;
				CLANG_WARN_ENUM_CONVERSION = YES;
				CLANG_WARN_INFINITE_RECURSION = YES;
				CLANG_WARN_INT_CONVERSION = YES;
				CLANG_WARN_NON_LITERAL_NULL_CONVERSION = YES;
				CLANG_WARN_OBJC_IMPLICIT_RETAIN_SELF = YES;
				CLANG_WARN_OBJC_LITERAL_CONVERSION = YES;
				CLANG_WARN_OBJC_ROOT_CLASS = YES_ERROR;
				CLANG_WARN_QUOTED_INCLUDE_IN_FRAMEWORK_HEADER = YES;
				CLANG_WARN_RANGE_LOOP_ANALYSIS = YES;
				CLANG_WARN_STRICT_PROTOTYPES = YES;
				CLANG_WARN_SUSPICIOUS_MOVE = YES;
				CLANG_WARN_UNGUARDED_AVAILABILITY = YES_AGGRESSIVE;
				CLANG_WARN_UNREACHABLE_CODE = YES;
				CLANG_WARN__DUPLICATE_METHOD_MATCH = YES;
				COPY_PHASE_STRIP = NO;
				DEBUG_INFORMATION_FORMAT = dwarf;
				ENABLE_STRICT_OBJC_MSGSEND = YES;
				ENABLE_TESTABILITY = YES;
				GCC_C_LANGUAGE_STANDARD = gnu11;
				GCC_DYNAMIC_NO_PIC = NO;
				GCC_NO_COMMON_BLOCKS = YES;
				GCC_OPTIMIZATION_LEVEL = 0;
				GCC_PREPROCESSOR_DEFINITIONS = (
					"DEBUG=1",
					"$(inherited)",
				);
				GCC_WARN_64_TO_32_BIT_CONVERSION = YES;
				GCC_WARN_ABOUT_RETURN_TYPE = YES_ERROR;
				GCC_WARN_UNDECLARED_SELECTOR = YES;
				GCC_WARN_UNINITIALIZED_AUTOS = YES_AGGRESSIVE;
				GCC_WARN_UNUSED_FUNCTION = YES;
				GCC_WARN_UNUSED_VARIABLE = YES;
				INFOPLIST_KEY_NSLocationAlwaysAndWhenInUseUsageDescription = "";
				INFOPLIST_KEY_NSLocationTemporaryUsageDescriptionDictionary = "";
				INFOPLIST_KEY_NSLocationUsageDescription = "Need user location";
				IPHONEOS_DEPLOYMENT_TARGET = 16.4;
				MTL_ENABLE_DEBUG_INFO = INCLUDE_SOURCE;
				MTL_FAST_MATH = YES;
				ONLY_ACTIVE_ARCH = YES;
				SDKROOT = iphoneos;
				SWIFT_ACTIVE_COMPILATION_CONDITIONS = DEBUG;
				SWIFT_OPTIMIZATION_LEVEL = "-Onone";
			};
			name = Debug;
		};
		99E7210429EAD7CB0005B48C /* Release */ = {
			isa = XCBuildConfiguration;
			buildSettings = {
				ALWAYS_SEARCH_USER_PATHS = NO;
				CLANG_ANALYZER_NONNULL = YES;
				CLANG_ANALYZER_NUMBER_OBJECT_CONVERSION = YES_AGGRESSIVE;
				CLANG_CXX_LANGUAGE_STANDARD = "gnu++20";
				CLANG_ENABLE_MODULES = YES;
				CLANG_ENABLE_OBJC_ARC = YES;
				CLANG_ENABLE_OBJC_WEAK = YES;
				CLANG_WARN_BLOCK_CAPTURE_AUTORELEASING = YES;
				CLANG_WARN_BOOL_CONVERSION = YES;
				CLANG_WARN_COMMA = YES;
				CLANG_WARN_CONSTANT_CONVERSION = YES;
				CLANG_WARN_DEPRECATED_OBJC_IMPLEMENTATIONS = YES;
				CLANG_WARN_DIRECT_OBJC_ISA_USAGE = YES_ERROR;
				CLANG_WARN_DOCUMENTATION_COMMENTS = YES;
				CLANG_WARN_EMPTY_BODY = YES;
				CLANG_WARN_ENUM_CONVERSION = YES;
				CLANG_WARN_INFINITE_RECURSION = YES;
				CLANG_WARN_INT_CONVERSION = YES;
				CLANG_WARN_NON_LITERAL_NULL_CONVERSION = YES;
				CLANG_WARN_OBJC_IMPLICIT_RETAIN_SELF = YES;
				CLANG_WARN_OBJC_LITERAL_CONVERSION = YES;
				CLANG_WARN_OBJC_ROOT_CLASS = YES_ERROR;
				CLANG_WARN_QUOTED_INCLUDE_IN_FRAMEWORK_HEADER = YES;
				CLANG_WARN_RANGE_LOOP_ANALYSIS = YES;
				CLANG_WARN_STRICT_PROTOTYPES = YES;
				CLANG_WARN_SUSPICIOUS_MOVE = YES;
				CLANG_WARN_UNGUARDED_AVAILABILITY = YES_AGGRESSIVE;
				CLANG_WARN_UNREACHABLE_CODE = YES;
				CLANG_WARN__DUPLICATE_METHOD_MATCH = YES;
				COPY_PHASE_STRIP = NO;
				DEBUG_INFORMATION_FORMAT = "dwarf-with-dsym";
				ENABLE_NS_ASSERTIONS = NO;
				ENABLE_STRICT_OBJC_MSGSEND = YES;
				GCC_C_LANGUAGE_STANDARD = gnu11;
				GCC_NO_COMMON_BLOCKS = YES;
				GCC_WARN_64_TO_32_BIT_CONVERSION = YES;
				GCC_WARN_ABOUT_RETURN_TYPE = YES_ERROR;
				GCC_WARN_UNDECLARED_SELECTOR = YES;
				GCC_WARN_UNINITIALIZED_AUTOS = YES_AGGRESSIVE;
				GCC_WARN_UNUSED_FUNCTION = YES;
				GCC_WARN_UNUSED_VARIABLE = YES;
				INFOPLIST_KEY_NSLocationAlwaysAndWhenInUseUsageDescription = "";
				INFOPLIST_KEY_NSLocationTemporaryUsageDescriptionDictionary = "";
				INFOPLIST_KEY_NSLocationUsageDescription = "Need user location";
				IPHONEOS_DEPLOYMENT_TARGET = 16.4;
				MTL_ENABLE_DEBUG_INFO = NO;
				MTL_FAST_MATH = YES;
				SDKROOT = iphoneos;
				SWIFT_COMPILATION_MODE = wholemodule;
				SWIFT_OPTIMIZATION_LEVEL = "-O";
				VALIDATE_PRODUCT = YES;
			};
			name = Release;
		};
		99E7210629EAD7CB0005B48C /* Debug */ = {
			isa = XCBuildConfiguration;
			buildSettings = {
				ASSETCATALOG_COMPILER_APPICON_NAME = AppIcon;
				ASSETCATALOG_COMPILER_GLOBAL_ACCENT_COLOR_NAME = AccentColor;
				CODE_SIGN_STYLE = Automatic;
				CURRENT_PROJECT_VERSION = 1;
				DEVELOPMENT_ASSET_PATHS = "\"HelpOnTheGo/Preview Content\"";
				DEVELOPMENT_TEAM = XSH9P55B5U;
				ENABLE_PREVIEWS = YES;
				GENERATE_INFOPLIST_FILE = YES;
				INFOPLIST_FILE = HelpOnTheGo/Info.plist;
				INFOPLIST_KEY_NSLocationWhenInUseUsageDescription = "Please allow us to access your location";
				INFOPLIST_KEY_UIApplicationSceneManifest_Generation = YES;
				INFOPLIST_KEY_UIApplicationSupportsIndirectInputEvents = YES;
				INFOPLIST_KEY_UILaunchScreen_Generation = YES;
				INFOPLIST_KEY_UISupportedInterfaceOrientations_iPad = "UIInterfaceOrientationPortrait UIInterfaceOrientationPortraitUpsideDown UIInterfaceOrientationLandscapeLeft UIInterfaceOrientationLandscapeRight";
				INFOPLIST_KEY_UISupportedInterfaceOrientations_iPhone = "UIInterfaceOrientationPortrait UIInterfaceOrientationLandscapeLeft UIInterfaceOrientationLandscapeRight";
				LD_RUNPATH_SEARCH_PATHS = (
					"$(inherited)",
					"@executable_path/Frameworks",
				);
				MARKETING_VERSION = 1.0;
				PRODUCT_BUNDLE_IDENTIFIER = com.fraser.matthew.HelpOnTheGo;
				PRODUCT_NAME = "$(TARGET_NAME)";
				SWIFT_EMIT_LOC_STRINGS = YES;
				SWIFT_VERSION = 5.0;
				TARGETED_DEVICE_FAMILY = "1,2";
			};
			name = Debug;
		};
		99E7210729EAD7CB0005B48C /* Release */ = {
			isa = XCBuildConfiguration;
			buildSettings = {
				ASSETCATALOG_COMPILER_APPICON_NAME = AppIcon;
				ASSETCATALOG_COMPILER_GLOBAL_ACCENT_COLOR_NAME = AccentColor;
				CODE_SIGN_STYLE = Automatic;
				CURRENT_PROJECT_VERSION = 1;
				DEVELOPMENT_ASSET_PATHS = "\"HelpOnTheGo/Preview Content\"";
				DEVELOPMENT_TEAM = XSH9P55B5U;
				ENABLE_PREVIEWS = YES;
				GENERATE_INFOPLIST_FILE = YES;
				INFOPLIST_FILE = HelpOnTheGo/Info.plist;
				INFOPLIST_KEY_NSLocationWhenInUseUsageDescription = "Please allow us to access your location";
				INFOPLIST_KEY_UIApplicationSceneManifest_Generation = YES;
				INFOPLIST_KEY_UIApplicationSupportsIndirectInputEvents = YES;
				INFOPLIST_KEY_UILaunchScreen_Generation = YES;
				INFOPLIST_KEY_UISupportedInterfaceOrientations_iPad = "UIInterfaceOrientationPortrait UIInterfaceOrientationPortraitUpsideDown UIInterfaceOrientationLandscapeLeft UIInterfaceOrientationLandscapeRight";
				INFOPLIST_KEY_UISupportedInterfaceOrientations_iPhone = "UIInterfaceOrientationPortrait UIInterfaceOrientationLandscapeLeft UIInterfaceOrientationLandscapeRight";
				LD_RUNPATH_SEARCH_PATHS = (
					"$(inherited)",
					"@executable_path/Frameworks",
				);
				MARKETING_VERSION = 1.0;
				PRODUCT_BUNDLE_IDENTIFIER = com.fraser.matthew.HelpOnTheGo;
				PRODUCT_NAME = "$(TARGET_NAME)";
				SWIFT_EMIT_LOC_STRINGS = YES;
				SWIFT_VERSION = 5.0;
				TARGETED_DEVICE_FAMILY = "1,2";
			};
			name = Release;
		};
/* End XCBuildConfiguration section */

/* Begin XCConfigurationList section */
		99E720F229EAD7C90005B48C /* Build configuration list for PBXProject "HelpOnTheGo" */ = {
			isa = XCConfigurationList;
			buildConfigurations = (
				99E7210329EAD7CB0005B48C /* Debug */,
				99E7210429EAD7CB0005B48C /* Release */,
			);
			defaultConfigurationIsVisible = 0;
			defaultConfigurationName = Release;
		};
		99E7210529EAD7CB0005B48C /* Build configuration list for PBXNativeTarget "HelpOnTheGo" */ = {
			isa = XCConfigurationList;
			buildConfigurations = (
				99E7210629EAD7CB0005B48C /* Debug */,
				99E7210729EAD7CB0005B48C /* Release */,
			);
			defaultConfigurationIsVisible = 0;
			defaultConfigurationName = Release;
		};
/* End XCConfigurationList section */

/* Begin XCRemoteSwiftPackageReference section */
		99E7215429EB4D500005B48C /* XCRemoteSwiftPackageReference "firebase-ios-sdk" */ = {
			isa = XCRemoteSwiftPackageReference;
			repositoryURL = "https://github.com/firebase/firebase-ios-sdk";
			requirement = {
				kind = upToNextMajorVersion;
				minimumVersion = 10.0.0;
			};
		};
/* End XCRemoteSwiftPackageReference section */

/* Begin XCSwiftPackageProductDependency section */
		99E7215529EB4D500005B48C /* FirebaseAuth */ = {
			isa = XCSwiftPackageProductDependency;
			package = 99E7215429EB4D500005B48C /* XCRemoteSwiftPackageReference "firebase-ios-sdk" */;
			productName = FirebaseAuth;
		};
		99E7215729EB4D500005B48C /* FirebaseFirestore */ = {
			isa = XCSwiftPackageProductDependency;
			package = 99E7215429EB4D500005B48C /* XCRemoteSwiftPackageReference "firebase-ios-sdk" */;
			productName = FirebaseFirestore;
		};
		99E7215929EB4D500005B48C /* FirebaseInAppMessaging-Beta */ = {
			isa = XCSwiftPackageProductDependency;
			package = 99E7215429EB4D500005B48C /* XCRemoteSwiftPackageReference "firebase-ios-sdk" */;
			productName = "FirebaseInAppMessaging-Beta";
		};
		99E7215B29EB4D500005B48C /* FirebaseInAppMessagingSwift-Beta */ = {
			isa = XCSwiftPackageProductDependency;
			package = 99E7215429EB4D500005B48C /* XCRemoteSwiftPackageReference "firebase-ios-sdk" */;
			productName = "FirebaseInAppMessagingSwift-Beta";
		};
		99E7215D29EB4D500005B48C /* FirebaseMessaging */ = {
			isa = XCSwiftPackageProductDependency;
			package = 99E7215429EB4D500005B48C /* XCRemoteSwiftPackageReference "firebase-ios-sdk" */;
			productName = FirebaseMessaging;
		};
		99E7215F29EB4D500005B48C /* FirebaseStorage */ = {
			isa = XCSwiftPackageProductDependency;
			package = 99E7215429EB4D500005B48C /* XCRemoteSwiftPackageReference "firebase-ios-sdk" */;
			productName = FirebaseStorage;
		};
/* End XCSwiftPackageProductDependency section */
	};
	rootObject = 99E720EF29EAD7C90005B48C /* Project object */;
}
